
Microsoft Visual Studio Solution File, Format Version 12.00
# Visual Studio 15
VisualStudioVersion = 15.0.28010.2019
MinimumVisualStudioVersion = 10.0.40219.1
Project("{9A19103F-16F7-4668-BE54-9A1E7A4F7556}") = "ScreenshotWorker", "ScreenshotWorker\ScreenshotWorker.csproj", "{CC89174F-7987-4C0B-86E9-7CE98788570D}"
EndProject
Global
	GlobalSection(SolutionConfigurationPlatforms) = preSolution
		Debug|Any CPU = Debug|Any CPU
		Release|Any CPU = Release|Any CPU
	EndGlobalSection
	GlobalSection(ProjectConfigurationPlatforms) = postSolution
		{CC89174F-7987-4C0B-86E9-7CE98788570D}.Debug|Any CPU.ActiveCfg = Debug|Any CPU
		{CC89174F-7987-4C0B-86E9-7CE98788570D}.Debug|Any CPU.Build.0 = Debug|Any CPU
		{CC89174F-7987-4C0B-86E9-7CE98788570D}.Release|Any CPU.ActiveCfg = Release|Any CPU
		{CC89174F-7987-4C0B-86E9-7CE98788570D}.Release|Any CPU.Build.0 = Release|Any CPU
	EndGlobalSection
	GlobalSection(SolutionProperties) = preSolution
		HideSolutionNode = FALSE
	EndGlobalSection
	GlobalSection(ExtensibilityGlobals) = postSolution
		SolutionGuid = {AD6E84AD-B303-4CC3-811C-C6D15940296A}
	EndGlobalSection
EndGlobal
